
Microsoft Visual Studio Solution File, Format Version 12.00
# Visual Studio 15
VisualStudioVersion = 15.0.27703.1
MinimumVisualStudioVersion = 10.0.40219.1
Project("{FAE04EC0-301F-11D3-BF4B-00C04F79EFBC}") = "irad", "irad\irad.csproj", "{1AC7C376-1679-48E8-A142-3B2A0F102884}"
EndProject
Project("{FAE04EC0-301F-11D3-BF4B-00C04F79EFBC}") = "irad.Tests", "irad.Tests\irad.Tests.csproj", "{7909B1EF-9A64-4CA5-8EC4-13B62D16EB9B}"
EndProject
Global
	GlobalSection(SolutionConfigurationPlatforms) = preSolution
		Debug|Any CPU = Debug|Any CPU
		Release|Any CPU = Release|Any CPU
	EndGlobalSection
	GlobalSection(ProjectConfigurationPlatforms) = postSolution
		{1AC7C376-1679-48E8-A142-3B2A0F102884}.Debug|Any CPU.ActiveCfg = Debug|Any CPU
		{1AC7C376-1679-48E8-A142-3B2A0F102884}.Debug|Any CPU.Build.0 = Debug|Any CPU
		{1AC7C376-1679-48E8-A142-3B2A0F102884}.Release|Any CPU.ActiveCfg = Release|Any CPU
		{1AC7C376-1679-48E8-A142-3B2A0F102884}.Release|Any CPU.Build.0 = Release|Any CPU
		{7909B1EF-9A64-4CA5-8EC4-13B62D16EB9B}.Debug|Any CPU.ActiveCfg = Debug|Any CPU
		{7909B1EF-9A64-4CA5-8EC4-13B62D16EB9B}.Debug|Any CPU.Build.0 = Debug|Any CPU
		{7909B1EF-9A64-4CA5-8EC4-13B62D16EB9B}.Release|Any CPU.ActiveCfg = Release|Any CPU
		{7909B1EF-9A64-4CA5-8EC4-13B62D16EB9B}.Release|Any CPU.Build.0 = Release|Any CPU
	EndGlobalSection
	GlobalSection(SolutionProperties) = preSolution
		HideSolutionNode = FALSE
	EndGlobalSection
	GlobalSection(ExtensibilityGlobals) = postSolution
		SolutionGuid = {C079C887-EEFC-4AA8-A296-3F6DFBDE007E}
	EndGlobalSection
EndGlobal
